// !$*UTF8*$!
{
	archiveVersion = 1;
	classes = {
	};
	objectVersion = 50;
	objects = {

/* Begin PBXBuildFile section */
		01DDF3832176FAF600A6BD9D /* AppDelegate.swift in Sources */ = {isa = PBXBuildFile; fileRef = 01DDF3822176FAF600A6BD9D /* AppDelegate.swift */; };
		01DDF3852176FAF600A6BD9D /* ViewController.swift in Sources */ = {isa = PBXBuildFile; fileRef = 01DDF3842176FAF600A6BD9D /* ViewController.swift */; };
		01DDF3882176FAF600A6BD9D /* Main.storyboard in Resources */ = {isa = PBXBuildFile; fileRef = 01DDF3862176FAF600A6BD9D /* Main.storyboard */; };
		01DDF38A2176FAF700A6BD9D /* Assets.xcassets in Resources */ = {isa = PBXBuildFile; fileRef = 01DDF3892176FAF700A6BD9D /* Assets.xcassets */; };
		01DDF38D2176FAF700A6BD9D /* LaunchScreen.storyboard in Resources */ = {isa = PBXBuildFile; fileRef = 01DDF38B2176FAF700A6BD9D /* LaunchScreen.storyboard */; };
		01DDF3952176FB1E00A6BD9D /* LocalizableString.swift in Sources */ = {isa = PBXBuildFile; fileRef = 01DDF3942176FB1E00A6BD9D /* LocalizableString.swift */; };
		01DDF3982176FBA600A6BD9D /* LocalizedDictionary.swift in Sources */ = {isa = PBXBuildFile; fileRef = 01DDF3972176FBA600A6BD9D /* LocalizedDictionary.swift */; };
		01DDF39A2176FEAD00A6BD9D /* Strings_en.json in Resources */ = {isa = PBXBuildFile; fileRef = 01DDF3992176FEAD00A6BD9D /* Strings_en.json */; };
		01DDF39C2176FECC00A6BD9D /* Strings_es.json in Resources */ = {isa = PBXBuildFile; fileRef = 01DDF39B2176FECC00A6BD9D /* Strings_es.json */; };
		01DDF3A02177126D00A6BD9D /* Localizable.strings in Resources */ = {isa = PBXBuildFile; fileRef = 01DDF3A22177126D00A6BD9D /* Localizable.strings */; };
		01DDF3A42177159100A6BD9D /* UIKit+Localization.swift in Sources */ = {isa = PBXBuildFile; fileRef = 01DDF3A32177159100A6BD9D /* UIKit+Localization.swift */; };
/* End PBXBuildFile section */

/* Begin PBXFileReference section */
		01DDF37F2176FAF600A6BD9D /* LocalisationSwift.app */ = {isa = PBXFileReference; explicitFileType = wrapper.application; includeInIndex = 0; path = LocalisationSwift.app; sourceTree = BUILT_PRODUCTS_DIR; };
		01DDF3822176FAF600A6BD9D /* AppDelegate.swift */ = {isa = PBXFileReference; lastKnownFileType = sourcecode.swift; path = AppDelegate.swift; sourceTree = "<group>"; };
		01DDF3842176FAF600A6BD9D /* ViewController.swift */ = {isa = PBXFileReference; lastKnownFileType = sourcecode.swift; path = ViewController.swift; sourceTree = "<group>"; };
		01DDF3872176FAF600A6BD9D /* Base */ = {isa = PBXFileReference; lastKnownFileType = file.storyboard; name = Base; path = Base.lproj/Main.storyboard; sourceTree = "<group>"; };
		01DDF3892176FAF700A6BD9D /* Assets.xcassets */ = {isa = PBXFileReference; lastKnownFileType = folder.assetcatalog; path = Assets.xcassets; sourceTree = "<group>"; };
		01DDF38C2176FAF700A6BD9D /* Base */ = {isa = PBXFileReference; lastKnownFileType = file.storyboard; name = Base; path = Base.lproj/LaunchScreen.storyboard; sourceTree = "<group>"; };
		01DDF38E2176FAF700A6BD9D /* Info.plist */ = {isa = PBXFileReference; lastKnownFileType = text.plist.xml; path = Info.plist; sourceTree = "<group>"; };
		01DDF3942176FB1E00A6BD9D /* LocalizableString.swift */ = {isa = PBXFileReference; lastKnownFileType = sourcecode.swift; path = LocalizableString.swift; sourceTree = "<group>"; };
		01DDF3972176FBA600A6BD9D /* LocalizedDictionary.swift */ = {isa = PBXFileReference; lastKnownFileType = sourcecode.swift; path = LocalizedDictionary.swift; sourceTree = "<group>"; };
		01DDF3992176FEAD00A6BD9D /* Strings_en.json */ = {isa = PBXFileReference; lastKnownFileType = text.json; path = Strings_en.json; sourceTree = "<group>"; };
		01DDF39B2176FECC00A6BD9D /* Strings_es.json */ = {isa = PBXFileReference; lastKnownFileType = text.json; path = Strings_es.json; sourceTree = "<group>"; };
		01DDF3A12177126D00A6BD9D /* en */ = {isa = PBXFileReference; lastKnownFileType = text.plist.strings; name = en; path = en.lproj/Localizable.strings; sourceTree = "<group>"; };
		01DDF3A32177159100A6BD9D /* UIKit+Localization.swift */ = {isa = PBXFileReference; lastKnownFileType = sourcecode.swift; path = "UIKit+Localization.swift"; sourceTree = "<group>"; };
/* End PBXFileReference section */

/* Begin PBXFrameworksBuildPhase section */
		01DDF37C2176FAF600A6BD9D /* Frameworks */ = {
			isa = PBXFrameworksBuildPhase;
			buildActionMask = 2147483647;
			files = (
			);
			runOnlyForDeploymentPostprocessing = 0;
		};
/* End PBXFrameworksBuildPhase section */

/* Begin PBXGroup section */
		01DDF3762176FAF500A6BD9D = {
			isa = PBXGroup;
			children = (
				01DDF3812176FAF600A6BD9D /* LocalisationSwift */,
				01DDF3802176FAF600A6BD9D /* Products */,
			);
			sourceTree = "<group>";
		};
		01DDF3802176FAF600A6BD9D /* Products */ = {
			isa = PBXGroup;
			children = (
				01DDF37F2176FAF600A6BD9D /* LocalisationSwift.app */,
			);
			name = Products;
			sourceTree = "<group>";
		};
		01DDF3812176FAF600A6BD9D /* LocalisationSwift */ = {
			isa = PBXGroup;
			children = (
				01DDF39D2177119100A6BD9D /* Resources */,
				01DDF3962176FB2A00A6BD9D /* Localisation */,
				01DDF3822176FAF600A6BD9D /* AppDelegate.swift */,
				01DDF3842176FAF600A6BD9D /* ViewController.swift */,
				01DDF3862176FAF600A6BD9D /* Main.storyboard */,
				01DDF3892176FAF700A6BD9D /* Assets.xcassets */,
				01DDF38B2176FAF700A6BD9D /* LaunchScreen.storyboard */,
				01DDF38E2176FAF700A6BD9D /* Info.plist */,
			);
			path = LocalisationSwift;
			sourceTree = "<group>";
		};
		01DDF3962176FB2A00A6BD9D /* Localisation */ = {
			isa = PBXGroup;
			children = (
				01DDF3942176FB1E00A6BD9D /* LocalizableString.swift */,
				01DDF3972176FBA600A6BD9D /* LocalizedDictionary.swift */,
				01DDF3992176FEAD00A6BD9D /* Strings_en.json */,
				01DDF39B2176FECC00A6BD9D /* Strings_es.json */,
				01DDF3A32177159100A6BD9D /* UIKit+Localization.swift */,
			);
			path = Localisation;
			sourceTree = "<group>";
		};
		01DDF39D2177119100A6BD9D /* Resources */ = {
			isa = PBXGroup;
			children = (
				01DDF3A22177126D00A6BD9D /* Localizable.strings */,
			);
			path = Resources;
			sourceTree = "<group>";
		};
/* End PBXGroup section */

/* Begin PBXNativeTarget section */
		01DDF37E2176FAF600A6BD9D /* LocalisationSwift */ = {
			isa = PBXNativeTarget;
			buildConfigurationList = 01DDF3912176FAF700A6BD9D /* Build configuration list for PBXNativeTarget "LocalisationSwift" */;
			buildPhases = (
				01DDF37B2176FAF600A6BD9D /* Sources */,
				01DDF37C2176FAF600A6BD9D /* Frameworks */,
				01DDF37D2176FAF600A6BD9D /* Resources */,
			);
			buildRules = (
			);
			dependencies = (
			);
			name = LocalisationSwift;
			productName = LocalisationSwift;
			productReference = 01DDF37F2176FAF600A6BD9D /* LocalisationSwift.app */;
			productType = "com.apple.product-type.application";
		};
/* End PBXNativeTarget section */

/* Begin PBXProject section */
		01DDF3772176FAF500A6BD9D /* Project object */ = {
			isa = PBXProject;
			attributes = {
				LastSwiftUpdateCheck = 0940;
				LastUpgradeCheck = 0940;
				ORGANIZATIONNAME = DurgaPrasad;
				TargetAttributes = {
					01DDF37E2176FAF600A6BD9D = {
						CreatedOnToolsVersion = 9.4.1;
					};
				};
			};
			buildConfigurationList = 01DDF37A2176FAF500A6BD9D /* Build configuration list for PBXProject "LocalisationSwift" */;
			compatibilityVersion = "Xcode 9.3";
			developmentRegion = en;
			hasScannedForEncodings = 0;
			knownRegions = (
				en,
				Base,
			);
			mainGroup = 01DDF3762176FAF500A6BD9D;
			productRefGroup = 01DDF3802176FAF600A6BD9D /* Products */;
			projectDirPath = "";
			projectRoot = "";
			targets = (
				01DDF37E2176FAF600A6BD9D /* LocalisationSwift */,
			);
		};
/* End PBXProject section */

/* Begin PBXResourcesBuildPhase section */
		01DDF37D2176FAF600A6BD9D /* Resources */ = {
			isa = PBXResourcesBuildPhase;
			buildActionMask = 2147483647;
			files = (
				01DDF38D2176FAF700A6BD9D /* LaunchScreen.storyboard in Resources */,
				01DDF3A02177126D00A6BD9D /* Localizable.strings in Resources */,
				01DDF38A2176FAF700A6BD9D /* Assets.xcassets in Resources */,
				01DDF39C2176FECC00A6BD9D /* Strings_es.json in Resources */,
				01DDF3882176FAF600A6BD9D /* Main.storyboard in Resources */,
				01DDF39A2176FEAD00A6BD9D /* Strings_en.json in Resources */,
			);
			runOnlyForDeploymentPostprocessing = 0;
		};
/* End PBXResourcesBuildPhase section */

/* Begin PBXSourcesBuildPhase section */
		01DDF37B2176FAF600A6BD9D /* Sources */ = {
			isa = PBXSourcesBuildPhase;
			buildActionMask = 2147483647;
			files = (
				01DDF3852176FAF600A6BD9D /* ViewController.swift in Sources */,
				01DDF3982176FBA600A6BD9D /* LocalizedDictionary.swift in Sources */,
				01DDF3A42177159100A6BD9D /* UIKit+Localization.swift in Sources */,
				01DDF3952176FB1E00A6BD9D /* LocalizableString.swift in Sources */,
				01DDF3832176FAF600A6BD9D /* AppDelegate.swift in Sources */,
			);
			runOnlyForDeploymentPostprocessing = 0;
		};
/* End PBXSourcesBuildPhase section */

/* Begin PBXVariantGroup section */
		01DDF3862176FAF600A6BD9D /* Main.storyboard */ = {
			isa = PBXVariantGroup;
			children = (
				01DDF3872176FAF600A6BD9D /* Base */,
			);
			name = Main.storyboard;
			sourceTree = "<group>";
		};
		01DDF38B2176FAF700A6BD9D /* LaunchScreen.storyboard */ = {
			isa = PBXVariantGroup;
			children = (
				01DDF38C2176FAF700A6BD9D /* Base */,
			);
			name = LaunchScreen.storyboard;
			sourceTree = "<group>";
		};
		01DDF3A22177126D00A6BD9D /* Localizable.strings */ = {
			isa = PBXVariantGroup;
			children = (
				01DDF3A12177126D00A6BD9D /* en */,
			);
			name = Localizable.strings;
			sourceTree = "<group>";
		};
/* End PBXVariantGroup section */

/* Begin XCBuildConfiguration section */
		01DDF38F2176FAF700A6BD9D /* Debug */ = {
			isa = XCBuildConfiguration;
			buildSettings = {
				ALWAYS_SEARCH_USER_PATHS = NO;
				CLANG_ANALYZER_NONNULL = YES;
				CLANG_ANALYZER_NUMBER_OBJECT_CONVERSION = YES_AGGRESSIVE;
				CLANG_CXX_LANGUAGE_STANDARD = "gnu++14";
				CLANG_CXX_LIBRARY = "libc++";
				CLANG_ENABLE_MODULES = YES;
				CLANG_ENABLE_OBJC_ARC = YES;
				CLANG_ENABLE_OBJC_WEAK = YES;
				CLANG_WARN_BLOCK_CAPTURE_AUTORELEASING = YES;
				CLANG_WARN_BOOL_CONVERSION = YES;
				CLANG_WARN_COMMA = YES;
				CLANG_WARN_CONSTANT_CONVERSION = YES;
				CLANG_WARN_DEPRECATED_OBJC_IMPLEMENTATIONS = YES;
				CLANG_WARN_DIRECT_OBJC_ISA_USAGE = YES_ERROR;
				CLANG_WARN_DOCUMENTATION_COMMENTS = YES;
				CLANG_WARN_EMPTY_BODY = YES;
				CLANG_WARN_ENUM_CONVERSION = YES;
				CLANG_WARN_INFINITE_RECURSION = YES;
				CLANG_WARN_INT_CONVERSION = YES;
				CLANG_WARN_NON_LITERAL_NULL_CONVERSION = YES;
				CLANG_WARN_OBJC_IMPLICIT_RETAIN_SELF = YES;
				CLANG_WARN_OBJC_LITERAL_CONVERSION = YES;
				CLANG_WARN_OBJC_ROOT_CLASS = YES_ERROR;
				CLANG_WARN_RANGE_LOOP_ANALYSIS = YES;
				CLANG_WARN_STRICT_PROTOTYPES = YES;
				CLANG_WARN_SUSPICIOUS_MOVE = YES;
				CLANG_WARN_UNGUARDED_AVAILABILITY = YES_AGGRESSIVE;
				CLANG_WARN_UNREACHABLE_CODE = YES;
				CLANG_WARN__DUPLICATE_METHOD_MATCH = YES;
				CODE_SIGN_IDENTITY = "iPhone Developer";
				COPY_PHASE_STRIP = NO;
				DEBUG_INFORMATION_FORMAT = dwarf;
				ENABLE_STRICT_OBJC_MSGSEND = YES;
				ENABLE_TESTABILITY = YES;
				GCC_C_LANGUAGE_STANDARD = gnu11;
				GCC_DYNAMIC_NO_PIC = NO;
				GCC_NO_COMMON_BLOCKS = YES;
				GCC_OPTIMIZATION_LEVEL = 0;
				GCC_PREPROCESSOR_DEFINITIONS = (
					"DEBUG=1",
					"$(inherited)",
				);
				GCC_WARN_64_TO_32_BIT_CONVERSION = YES;
				GCC_WARN_ABOUT_RETURN_TYPE = YES_ERROR;
				GCC_WARN_UNDECLARED_SELECTOR = YES;
				GCC_WARN_UNINITIALIZED_AUTOS = YES_AGGRESSIVE;
				GCC_WARN_UNUSED_FUNCTION = YES;
				GCC_WARN_UNUSED_VARIABLE = YES;
				IPHONEOS_DEPLOYMENT_TARGET = 11.4;
				MTL_ENABLE_DEBUG_INFO = YES;
				ONLY_ACTIVE_ARCH = YES;
				SDKROOT = iphoneos;
				SWIFT_ACTIVE_COMPILATION_CONDITIONS = DEBUG;
				SWIFT_OPTIMIZATION_LEVEL = "-Onone";
			};
			name = Debug;
		};
		01DDF3902176FAF700A6BD9D /* Release */ = {
			isa = XCBuildConfiguration;
			buildSettings = {
				ALWAYS_SEARCH_USER_PATHS = NO;
				CLANG_ANALYZER_NONNULL = YES;
				CLANG_ANALYZER_NUMBER_OBJECT_CONVERSION = YES_AGGRESSIVE;
				CLANG_CXX_LANGUAGE_STANDARD = "gnu++14";
				CLANG_CXX_LIBRARY = "libc++";
				CLANG_ENABLE_MODULES = YES;
				CLANG_ENABLE_OBJC_ARC = YES;
				CLANG_ENABLE_OBJC_WEAK = YES;
				CLANG_WARN_BLOCK_CAPTURE_AUTORELEASING = YES;
				CLANG_WARN_BOOL_CONVERSION = YES;
				CLANG_WARN_COMMA = YES;
				CLANG_WARN_CONSTANT_CONVERSION = YES;
				CLANG_WARN_DEPRECATED_OBJC_IMPLEMENTATIONS = YES;
				CLANG_WARN_DIRECT_OBJC_ISA_USAGE = YES_ERROR;
				CLANG_WARN_DOCUMENTATION_COMMENTS = YES;
				CLANG_WARN_EMPTY_BODY = YES;
				CLANG_WARN_ENUM_CONVERSION = YES;
				CLANG_WARN_INFINITE_RECURSION = YES;
				CLANG_WARN_INT_CONVERSION = YES;
				CLANG_WARN_NON_LITERAL_NULL_CONVERSION = YES;
				CLANG_WARN_OBJC_IMPLICIT_RETAIN_SELF = YES;
				CLANG_WARN_OBJC_LITERAL_CONVERSION = YES;
				CLANG_WARN_OBJC_ROOT_CLASS = YES_ERROR;
				CLANG_WARN_RANGE_LOOP_ANALYSIS = YES;
				CLANG_WARN_STRICT_PROTOTYPES = YES;
				CLANG_WARN_SUSPICIOUS_MOVE = YES;
				CLANG_WARN_UNGUARDED_AVAILABILITY = YES_AGGRESSIVE;
				CLANG_WARN_UNREACHABLE_CODE = YES;
				CLANG_WARN__DUPLICATE_METHOD_MATCH = YES;
				CODE_SIGN_IDENTITY = "iPhone Developer";
				COPY_PHASE_STRIP = NO;
				DEBUG_INFORMATION_FORMAT = "dwarf-with-dsym";
				ENABLE_NS_ASSERTIONS = NO;
				ENABLE_STRICT_OBJC_MSGSEND = YES;
				GCC_C_LANGUAGE_STANDARD = gnu11;
				GCC_NO_COMMON_BLOCKS = YES;
				GCC_WARN_64_TO_32_BIT_CONVERSION = YES;
				GCC_WARN_ABOUT_RETURN_TYPE = YES_ERROR;
				GCC_WARN_UNDECLARED_SELECTOR = YES;
				GCC_WARN_UNINITIALIZED_AUTOS = YES_AGGRESSIVE;
				GCC_WARN_UNUSED_FUNCTION = YES;
				GCC_WARN_UNUSED_VARIABLE = YES;
				IPHONEOS_DEPLOYMENT_TARGET = 11.4;
				MTL_ENABLE_DEBUG_INFO = NO;
				SDKROOT = iphoneos;
				SWIFT_COMPILATION_MODE = wholemodule;
				SWIFT_OPTIMIZATION_LEVEL = "-O";
				VALIDATE_PRODUCT = YES;
			};
			name = Release;
		};
		01DDF3922176FAF700A6BD9D /* Debug */ = {
			isa = XCBuildConfiguration;
			buildSettings = {
				ASSETCATALOG_COMPILER_APPICON_NAME = AppIcon;
				CODE_SIGN_STYLE = Manual;
				DEVELOPMENT_TEAM = "";
				INFOPLIST_FILE = LocalisationSwift/Info.plist;
				LD_RUNPATH_SEARCH_PATHS = (
					"$(inherited)",
					"@executable_path/Frameworks",
				);
				PRODUCT_BUNDLE_IDENTIFIER = com.dp.LocalisationSwift;
				PRODUCT_NAME = "$(TARGET_NAME)";
				PROVISIONING_PROFILE_SPECIFIER = "";
				SWIFT_VERSION = 4.0;
				TARGETED_DEVICE_FAMILY = "1,2";
			};
			name = Debug;
		};
		01DDF3932176FAF700A6BD9D /* Release */ = {
			isa = XCBuildConfiguration;
			buildSettings = {
				ASSETCATALOG_COMPILER_APPICON_NAME = AppIcon;
				CODE_SIGN_STYLE = Manual;
				DEVELOPMENT_TEAM = "";
				INFOPLIST_FILE = LocalisationSwift/Info.plist;
				LD_RUNPATH_SEARCH_PATHS = (
					"$(inherited)",
					"@executable_path/Frameworks",
				);
				PRODUCT_BUNDLE_IDENTIFIER = com.dp.LocalisationSwift;
				PRODUCT_NAME = "$(TARGET_NAME)";
				PROVISIONING_PROFILE_SPECIFIER = "";
				SWIFT_VERSION = 4.0;
				TARGETED_DEVICE_FAMILY = "1,2";
			};
			name = Release;
		};
/* End XCBuildConfiguration section */

/* Begin XCConfigurationList section */
		01DDF37A2176FAF500A6BD9D /* Build configuration list for PBXProject "LocalisationSwift" */ = {
			isa = XCConfigurationList;
			buildConfigurations = (
				01DDF38F2176FAF700A6BD9D /* Debug */,
				01DDF3902176FAF700A6BD9D /* Release */,
			);
			defaultConfigurationIsVisible = 0;
			defaultConfigurationName = Release;
		};
		01DDF3912176FAF700A6BD9D /* Build configuration list for PBXNativeTarget "LocalisationSwift" */ = {
			isa = XCConfigurationList;
			buildConfigurations = (
				01DDF3922176FAF700A6BD9D /* Debug */,
				01DDF3932176FAF700A6BD9D /* Release */,
			);
			defaultConfigurationIsVisible = 0;
			defaultConfigurationName = Release;
		};
/* End XCConfigurationList section */
	};
	rootObject = 01DDF3772176FAF500A6BD9D /* Project object */;
}
